
Microsoft Visual Studio Solution File, Format Version 12.00
# Visual Studio Version 16
VisualStudioVersion = 16.0.31105.61
MinimumVisualStudioVersion = 10.0.40219.1
Project("{FAE04EC0-301F-11D3-BF4B-00C04F79EFBC}") = "StopWatchApp", "StopWatchApp.csproj", "{1195B52A-DEE2-4330-A274-A5CAC84A8F59}"
EndProject
Global
	GlobalSection(SolutionConfigurationPlatforms) = preSolution
		Debug|Any CPU = Debug|Any CPU
		Release|Any CPU = Release|Any CPU
	EndGlobalSection
	GlobalSection(ProjectConfigurationPlatforms) = postSolution
		{1195B52A-DEE2-4330-A274-A5CAC84A8F59}.Debug|Any CPU.ActiveCfg = Debug|Any CPU
		{1195B52A-DEE2-4330-A274-A5CAC84A8F59}.Debug|Any CPU.Build.0 = Debug|Any CPU
		{1195B52A-DEE2-4330-A274-A5CAC84A8F59}.Release|Any CPU.ActiveCfg = Release|Any CPU
		{1195B52A-DEE2-4330-A274-A5CAC84A8F59}.Release|Any CPU.Build.0 = Release|Any CPU
	EndGlobalSection
	GlobalSection(SolutionProperties) = preSolution
		HideSolutionNode = FALSE
	EndGlobalSection
	GlobalSection(ExtensibilityGlobals) = postSolution
		SolutionGuid = {A6B92984-5C73-4774-B11D-5D7FCC1E6AE4}
	EndGlobalSection
EndGlobal
